# This file is automatically @generated by Cargo.
# It is not intended for manual editing.
version = 4

[[package]]
name = "proxa-client"
version = "0.0.0"

[[package]]
name = "proxa-client-cpal"
version = "0.0.0"

[[package]]
name = "proxa-controller"
version = "0.0.0"

[[package]]
name = "proxa-controller-headless-app"
version = "0.0.0"

[[package]]
name = "proxa-controller-tray-app"
version = "0.0.0"

[[package]]
name = "proxa-core"
version = "0.0.0"

[[package]]
name = "proxa-protocol"
version = "0.0.0"

[[package]]
name = "proxa-relay-app"
version = "0.0.0"

[[package]]
name = "proxa-relay-server"
version = "0.0.0"
